
Microsoft Visual Studio Solution File, Format Version 12.00
# Visual Studio Version 17
VisualStudioVersion = 17.4.33213.308
MinimumVisualStudioVersion = 10.0.40219.1
Project("{9A19103F-16F7-4668-BE54-9A1E7A4F7556}") = "Blockchain", "Blockchain\Blockchain.csproj", "{9B628A4C-AACB-42C3-BC16-69F30ED447FF}"
EndProject
Global
	GlobalSection(SolutionConfigurationPlatforms) = preSolution
		Debug|Any CPU = Debug|Any CPU
		Release|Any CPU = Release|Any CPU
	EndGlobalSection
	GlobalSection(ProjectConfigurationPlatforms) = postSolution
		{9B628A4C-AACB-42C3-BC16-69F30ED447FF}.Debug|Any CPU.ActiveCfg = Debug|Any CPU
		{9B628A4C-AACB-42C3-BC16-69F30ED447FF}.Debug|Any CPU.Build.0 = Debug|Any CPU
		{9B628A4C-AACB-42C3-BC16-69F30ED447FF}.Release|Any CPU.ActiveCfg = Release|Any CPU
		{9B628A4C-AACB-42C3-BC16-69F30ED447FF}.Release|Any CPU.Build.0 = Release|Any CPU
	EndGlobalSection
	GlobalSection(SolutionProperties) = preSolution
		HideSolutionNode = FALSE
	EndGlobalSection
	GlobalSection(ExtensibilityGlobals) = postSolution
		SolutionGuid = {2103A6F2-D5AA-4B67-9B19-6A0ED82CAA27}
	EndGlobalSection
EndGlobal
